
Microsoft Visual Studio Solution File, Format Version 12.00
# Visual Studio Version 16
VisualStudioVersion = 16.0.30907.101
MinimumVisualStudioVersion = 10.0.40219.1
Project("{FAE04EC0-301F-11D3-BF4B-00C04F79EFBC}") = "TrabalhoPAV", "Trabalho-PAV\TrabalhoPAV.csproj", "{9EB09B31-2F24-4934-82DC-C46AF58E7844}"
EndProject
Global
	GlobalSection(SolutionConfigurationPlatforms) = preSolution
		Debug|Any CPU = Debug|Any CPU
		Release|Any CPU = Release|Any CPU
	EndGlobalSection
	GlobalSection(ProjectConfigurationPlatforms) = postSolution
		{9EB09B31-2F24-4934-82DC-C46AF58E7844}.Debug|Any CPU.ActiveCfg = Debug|Any CPU
		{9EB09B31-2F24-4934-82DC-C46AF58E7844}.Debug|Any CPU.Build.0 = Debug|Any CPU
		{9EB09B31-2F24-4934-82DC-C46AF58E7844}.Release|Any CPU.ActiveCfg = Release|Any CPU
		{9EB09B31-2F24-4934-82DC-C46AF58E7844}.Release|Any CPU.Build.0 = Release|Any CPU
	EndGlobalSection
	GlobalSection(SolutionProperties) = preSolution
		HideSolutionNode = FALSE
	EndGlobalSection
	GlobalSection(ExtensibilityGlobals) = postSolution
		SolutionGuid = {C0E13CB4-61C2-4A11-A6A4-F32600BCB660}
	EndGlobalSection
EndGlobal
